github.com/buger/jsonparser v1.1.1 h1:2PnMjfWD7wBILjqQbt530v576A/cAbQvEW9gGIpYMUs=
github.com/buger/jsonparser v1.1.1/go.mod h1:6RYKKt7H4d4+iWqouImQ9R2FZql3VbhNgx27UK13J/0=
github.com/dave/jennifer v1.6.0 h1:MQ/6emI2xM7wt0tJzJzyUik2Q3Tcn2eE0vtYgh4GPVI=
github.com/dave/jennifer v1.6.0/go.mod h1:AxTG893FiZKqxy3FP1kL80VMshSMuz2G+EgvszgGRnk=
